
Microsoft Visual Studio Solution File, Format Version 12.00
# Visual Studio Version 17
VisualStudioVersion = 17.1.32210.238
MinimumVisualStudioVersion = 10.0.40219.1
Project("{2150E333-8FDC-42A3-9474-1A3956D46DE8}") = "SolutionItem", "SolutionItem", "{C44671B9-CD53-4C35-A9F0-B9B2E631B8EF}"
EndProject
Project("{9A19103F-16F7-4668-BE54-9A1E7A4F7556}") = "HC.Domain", "HC.Domain\HC.Domain.csproj", "{EB3C9064-3A75-4623-8FD8-AB51BF8177FD}"
EndProject
Project("{9A19103F-16F7-4668-BE54-9A1E7A4F7556}") = "HC.Infrastructure", "HC.Infrastructure\HC.Infrastructure.csproj", "{40CF2360-8A64-4386-9694-7E2754D0AC7F}"
EndProject
Project("{9A19103F-16F7-4668-BE54-9A1E7A4F7556}") = "HC.Presentation", "HC.Presentation\HC.Presentation.csproj", "{582405E8-87BC-45A4-A8DC-342D6A831625}"
EndProject
Project("{FAE04EC0-301F-11D3-BF4B-00C04F79EFBC}") = "HC.Application", "HC.Application\HC.Application.csproj", "{D6386052-BBFB-4C0F-9327-3B1AE3639C16}"
EndProject
Global
	GlobalSection(SolutionConfigurationPlatforms) = preSolution
		Debug|Any CPU = Debug|Any CPU
		Release|Any CPU = Release|Any CPU
	EndGlobalSection
	GlobalSection(ProjectConfigurationPlatforms) = postSolution
		{EB3C9064-3A75-4623-8FD8-AB51BF8177FD}.Debug|Any CPU.ActiveCfg = Debug|Any CPU
		{EB3C9064-3A75-4623-8FD8-AB51BF8177FD}.Debug|Any CPU.Build.0 = Debug|Any CPU
		{EB3C9064-3A75-4623-8FD8-AB51BF8177FD}.Release|Any CPU.ActiveCfg = Release|Any CPU
		{EB3C9064-3A75-4623-8FD8-AB51BF8177FD}.Release|Any CPU.Build.0 = Release|Any CPU
		{40CF2360-8A64-4386-9694-7E2754D0AC7F}.Debug|Any CPU.ActiveCfg = Debug|Any CPU
		{40CF2360-8A64-4386-9694-7E2754D0AC7F}.Debug|Any CPU.Build.0 = Debug|Any CPU
		{40CF2360-8A64-4386-9694-7E2754D0AC7F}.Release|Any CPU.ActiveCfg = Release|Any CPU
		{40CF2360-8A64-4386-9694-7E2754D0AC7F}.Release|Any CPU.Build.0 = Release|Any CPU
		{582405E8-87BC-45A4-A8DC-342D6A831625}.Debug|Any CPU.ActiveCfg = Debug|Any CPU
		{582405E8-87BC-45A4-A8DC-342D6A831625}.Debug|Any CPU.Build.0 = Debug|Any CPU
		{582405E8-87BC-45A4-A8DC-342D6A831625}.Release|Any CPU.ActiveCfg = Release|Any CPU
		{582405E8-87BC-45A4-A8DC-342D6A831625}.Release|Any CPU.Build.0 = Release|Any CPU
		{D6386052-BBFB-4C0F-9327-3B1AE3639C16}.Debug|Any CPU.ActiveCfg = Debug|Any CPU
		{D6386052-BBFB-4C0F-9327-3B1AE3639C16}.Debug|Any CPU.Build.0 = Debug|Any CPU
		{D6386052-BBFB-4C0F-9327-3B1AE3639C16}.Release|Any CPU.ActiveCfg = Release|Any CPU
		{D6386052-BBFB-4C0F-9327-3B1AE3639C16}.Release|Any CPU.Build.0 = Release|Any CPU
	EndGlobalSection
	GlobalSection(SolutionProperties) = preSolution
		HideSolutionNode = FALSE
	EndGlobalSection
	GlobalSection(ExtensibilityGlobals) = postSolution
		SolutionGuid = {906A4401-F73C-4FF7-BB70-0CBE84BFF6B2}
	EndGlobalSection
EndGlobal
